
Microsoft Visual Studio Solution File, Format Version 12.00
# Visual Studio 15
VisualStudioVersion = 15.0.27428.2043
MinimumVisualStudioVersion = 10.0.40219.1
Project("{8BC9CEB8-8B4A-11D0-8D11-00A0C91BC942}") = "GK_2c_Bartosz_Wróbel_6", "GK_2c_Bartosz_Wróbel_6\GK_2c_Bartosz_Wróbel_6.vcxproj", "{694BF0B4-CD9E-40BD-9524-3554ABCBE1A5}"
EndProject
Global
	GlobalSection(SolutionConfigurationPlatforms) = preSolution
		Debug|x64 = Debug|x64
		Debug|x86 = Debug|x86
		Release|x64 = Release|x64
		Release|x86 = Release|x86
	EndGlobalSection
	GlobalSection(ProjectConfigurationPlatforms) = postSolution
		{694BF0B4-CD9E-40BD-9524-3554ABCBE1A5}.Debug|x64.ActiveCfg = Debug|x64
		{694BF0B4-CD9E-40BD-9524-3554ABCBE1A5}.Debug|x64.Build.0 = Debug|x64
		{694BF0B4-CD9E-40BD-9524-3554ABCBE1A5}.Debug|x86.ActiveCfg = Debug|Win32
		{694BF0B4-CD9E-40BD-9524-3554ABCBE1A5}.Debug|x86.Build.0 = Debug|Win32
		{694BF0B4-CD9E-40BD-9524-3554ABCBE1A5}.Release|x64.ActiveCfg = Release|x64
		{694BF0B4-CD9E-40BD-9524-3554ABCBE1A5}.Release|x64.Build.0 = Release|x64
		{694BF0B4-CD9E-40BD-9524-3554ABCBE1A5}.Release|x86.ActiveCfg = Release|Win32
		{694BF0B4-CD9E-40BD-9524-3554ABCBE1A5}.Release|x86.Build.0 = Release|Win32
	EndGlobalSection
	GlobalSection(SolutionProperties) = preSolution
		HideSolutionNode = FALSE
	EndGlobalSection
	GlobalSection(ExtensibilityGlobals) = postSolution
		SolutionGuid = {3791CE76-BCEE-4628-A49B-2F15DCFAF09C}
	EndGlobalSection
EndGlobal
